
Microsoft Visual Studio Solution File, Format Version 12.00
# Visual Studio Version 17
VisualStudioVersion = 17.2.32630.192
MinimumVisualStudioVersion = 10.0.40219.1
Project("{2150E333-8FDC-42A3-9474-1A3956D46DE8}") = "SolutionItmes", "SolutionItmes", "{5D8EE447-4F19-4532-98AE-71B5148DF872}"
	ProjectSection(SolutionItems) = preProject
		serviceUrls.txt = serviceUrls.txt
	EndProjectSection
EndProject
Project("{2150E333-8FDC-42A3-9474-1A3956D46DE8}") = "src", "src", "{D5B8ED03-FA9B-4937-A76F-8BC03D256F9B}"
EndProject
Project("{2150E333-8FDC-42A3-9474-1A3956D46DE8}") = "ApiGateaways", "ApiGateaways", "{842A3B6C-A32D-4F55-BD01-F94627D0336A}"
EndProject
Project("{2150E333-8FDC-42A3-9474-1A3956D46DE8}") = "BuildingBlocks", "BuildingBlocks", "{DCD21A52-A641-490C-AB75-996DCE430393}"
EndProject
Project("{2150E333-8FDC-42A3-9474-1A3956D46DE8}") = "Services", "Services", "{6F0B8B0D-D414-4425-A89C-E8DA1FFE5B98}"
EndProject
Project("{2150E333-8FDC-42A3-9474-1A3956D46DE8}") = "Clients", "Clients", "{7458CCB7-FBC7-4434-AFE5-4F425562DBC8}"
EndProject
Project("{2150E333-8FDC-42A3-9474-1A3956D46DE8}") = "WebApiGateaways", "WebApiGateaways", "{C6AA6C88-F283-412F-B9F3-2FCF0E05441C}"
EndProject
Project("{FAE04EC0-301F-11D3-BF4B-00C04F79EFBC}") = "Web.ApiGateaways", "src\ApiGateaways\WebApiGateAways\Web.ApiGateaways\Web.ApiGateaways.csproj", "{4B3A2814-0C25-43B6-9B7E-8876DA6FFF2C}"
EndProject
Project("{2150E333-8FDC-42A3-9474-1A3956D46DE8}") = "EventBus", "EventBus", "{E4F658DB-1EC2-4F1E-822F-56DD12691EC4}"
EndProject
Project("{FAE04EC0-301F-11D3-BF4B-00C04F79EFBC}") = "EventBus.Base", "src\BuildingBlocks\EventBus\EventBus.Base\EventBus.Base.csproj", "{5DD8485E-5AB1-428D-9A77-A24C06567C99}"
EndProject
Project("{FAE04EC0-301F-11D3-BF4B-00C04F79EFBC}") = "EventBus.Factory", "src\BuildingBlocks\EventBus\EventBus.Factory\EventBus.Factory.csproj", "{BFFD6DC7-8DA5-4E0B-93C8-C973FB28DFEC}"
EndProject
Project("{FAE04EC0-301F-11D3-BF4B-00C04F79EFBC}") = "EventBus.AzureServiceBus", "src\BuildingBlocks\EventBus\EventBus.AzureServiceBus\EventBus.AzureServiceBus.csproj", "{9416D213-A55B-475A-BA10-5F60E2E3D9E6}"
EndProject
Project("{FAE04EC0-301F-11D3-BF4B-00C04F79EFBC}") = "EventBus.RabbitMq", "src\BuildingBlocks\EventBus\EventBus.RabbitMq\EventBus.RabbitMq.csproj", "{4A2F4ECB-C0A6-430A-9B44-6AC65D762531}"
EndProject
Project("{2150E333-8FDC-42A3-9474-1A3956D46DE8}") = "BlazorWebApp", "BlazorWebApp", "{FA7DB7E2-5DA7-4648-9F6F-DC1D7099D413}"
EndProject
Project("{FAE04EC0-301F-11D3-BF4B-00C04F79EFBC}") = "WebApp", "src\Clients\BlazerWebApp\WebApp\WebApp.csproj", "{4D61287A-4D54-4C85-A4C3-38CFB57E6847}"
EndProject
Project("{2150E333-8FDC-42A3-9474-1A3956D46DE8}") = "BasketService", "BasketService", "{042BB4A4-C7ED-4E8C-96F3-C09E905E270B}"
EndProject
Project("{FAE04EC0-301F-11D3-BF4B-00C04F79EFBC}") = "BasketService.Api", "src\Services\BasketService\BasketService.Api\BasketService.Api.csproj", "{FAAE8568-BC6F-4ED4-A730-FA0876A9493C}"
EndProject
Project("{2150E333-8FDC-42A3-9474-1A3956D46DE8}") = "CatologService", "CatologService", "{F4692CD5-E52B-410E-A04F-D5EFB4F3CE0E}"
EndProject
Project("{FAE04EC0-301F-11D3-BF4B-00C04F79EFBC}") = "CatologService.Api", "src\Services\CatologService\CatologService.Api\CatologService.Api.csproj", "{B89D17D9-6F93-4A83-889C-196F0B776F1E}"
EndProject
Project("{2150E333-8FDC-42A3-9474-1A3956D46DE8}") = "IdentityService", "IdentityService", "{790438F3-8133-4ADB-960E-A957FD80C907}"
EndProject
Project("{FAE04EC0-301F-11D3-BF4B-00C04F79EFBC}") = "IdentityService.Api", "src\Services\IdentityService\IdentityService.Api\IdentityService.Api.csproj", "{383D72E5-87ED-47C3-B5C7-5E9CAE55EB41}"
EndProject
Project("{2150E333-8FDC-42A3-9474-1A3956D46DE8}") = "NotificationService", "NotificationService", "{F9D0175E-573C-42F0-94B6-857321BF51CF}"
EndProject
Project("{FAE04EC0-301F-11D3-BF4B-00C04F79EFBC}") = "NotificationService", "src\Services\NotificationService\NotificationService\NotificationService.csproj", "{A4696D5C-77C2-4BDB-8BFB-B84CB8066C35}"
EndProject
Project("{2150E333-8FDC-42A3-9474-1A3956D46DE8}") = "OrderService", "OrderService", "{1AF9CDDE-A9DE-4B20-8761-50F98DF9875E}"
EndProject
Project("{FAE04EC0-301F-11D3-BF4B-00C04F79EFBC}") = "OrderService.Domain", "src\Services\OrderService\OrderService.Domain\OrderService.Domain.csproj", "{67FAE666-E49F-425A-BC4E-4E6F08E908BF}"
EndProject
Project("{FAE04EC0-301F-11D3-BF4B-00C04F79EFBC}") = "OrderService.Application", "src\Services\OrderService\OrderService.Application\OrderService.Application.csproj", "{B52115E7-B477-40AA-9A85-233DA28CE60F}"
EndProject
Project("{FAE04EC0-301F-11D3-BF4B-00C04F79EFBC}") = "OrderService.Infrastucture", "src\Services\OrderService\OrderService.Infrastucture\OrderService.Infrastucture.csproj", "{D1389D51-17CE-4D21-A398-00AA7B24D1E7}"
EndProject
Project("{FAE04EC0-301F-11D3-BF4B-00C04F79EFBC}") = "OrderService.Api", "src\Services\OrderService\OrderService.Api\OrderService.Api.csproj", "{E1239586-E6E6-44B3-A42E-FA39FE4CC25E}"
EndProject
Project("{2150E333-8FDC-42A3-9474-1A3956D46DE8}") = "PaymentService", "PaymentService", "{94DAA179-7A24-4891-901E-596C7C60A791}"
EndProject
Project("{FAE04EC0-301F-11D3-BF4B-00C04F79EFBC}") = "PaymentService.Api", "src\Services\PaymentService\PaymentService.Api\PaymentService.Api.csproj", "{29120CB3-C99C-479A-807C-58562088539D}"
EndProject
Global
	GlobalSection(SolutionConfigurationPlatforms) = preSolution
		Debug|Any CPU = Debug|Any CPU
		Release|Any CPU = Release|Any CPU
	EndGlobalSection
	GlobalSection(ProjectConfigurationPlatforms) = postSolution
		{4B3A2814-0C25-43B6-9B7E-8876DA6FFF2C}.Debug|Any CPU.ActiveCfg = Debug|Any CPU
		{4B3A2814-0C25-43B6-9B7E-8876DA6FFF2C}.Debug|Any CPU.Build.0 = Debug|Any CPU
		{4B3A2814-0C25-43B6-9B7E-8876DA6FFF2C}.Release|Any CPU.ActiveCfg = Release|Any CPU
		{4B3A2814-0C25-43B6-9B7E-8876DA6FFF2C}.Release|Any CPU.Build.0 = Release|Any CPU
		{5DD8485E-5AB1-428D-9A77-A24C06567C99}.Debug|Any CPU.ActiveCfg = Debug|Any CPU
		{5DD8485E-5AB1-428D-9A77-A24C06567C99}.Debug|Any CPU.Build.0 = Debug|Any CPU
		{5DD8485E-5AB1-428D-9A77-A24C06567C99}.Release|Any CPU.ActiveCfg = Release|Any CPU
		{5DD8485E-5AB1-428D-9A77-A24C06567C99}.Release|Any CPU.Build.0 = Release|Any CPU
		{BFFD6DC7-8DA5-4E0B-93C8-C973FB28DFEC}.Debug|Any CPU.ActiveCfg = Debug|Any CPU
		{BFFD6DC7-8DA5-4E0B-93C8-C973FB28DFEC}.Debug|Any CPU.Build.0 = Debug|Any CPU
		{BFFD6DC7-8DA5-4E0B-93C8-C973FB28DFEC}.Release|Any CPU.ActiveCfg = Release|Any CPU
		{BFFD6DC7-8DA5-4E0B-93C8-C973FB28DFEC}.Release|Any CPU.Build.0 = Release|Any CPU
		{9416D213-A55B-475A-BA10-5F60E2E3D9E6}.Debug|Any CPU.ActiveCfg = Debug|Any CPU
		{9416D213-A55B-475A-BA10-5F60E2E3D9E6}.Debug|Any CPU.Build.0 = Debug|Any CPU
		{9416D213-A55B-475A-BA10-5F60E2E3D9E6}.Release|Any CPU.ActiveCfg = Release|Any CPU
		{9416D213-A55B-475A-BA10-5F60E2E3D9E6}.Release|Any CPU.Build.0 = Release|Any CPU
		{4A2F4ECB-C0A6-430A-9B44-6AC65D762531}.Debug|Any CPU.ActiveCfg = Debug|Any CPU
		{4A2F4ECB-C0A6-430A-9B44-6AC65D762531}.Debug|Any CPU.Build.0 = Debug|Any CPU
		{4A2F4ECB-C0A6-430A-9B44-6AC65D762531}.Release|Any CPU.ActiveCfg = Release|Any CPU
		{4A2F4ECB-C0A6-430A-9B44-6AC65D762531}.Release|Any CPU.Build.0 = Release|Any CPU
		{4D61287A-4D54-4C85-A4C3-38CFB57E6847}.Debug|Any CPU.ActiveCfg = Debug|Any CPU
		{4D61287A-4D54-4C85-A4C3-38CFB57E6847}.Debug|Any CPU.Build.0 = Debug|Any CPU
		{4D61287A-4D54-4C85-A4C3-38CFB57E6847}.Release|Any CPU.ActiveCfg = Release|Any CPU
		{4D61287A-4D54-4C85-A4C3-38CFB57E6847}.Release|Any CPU.Build.0 = Release|Any CPU
		{FAAE8568-BC6F-4ED4-A730-FA0876A9493C}.Debug|Any CPU.ActiveCfg = Debug|Any CPU
		{FAAE8568-BC6F-4ED4-A730-FA0876A9493C}.Debug|Any CPU.Build.0 = Debug|Any CPU
		{FAAE8568-BC6F-4ED4-A730-FA0876A9493C}.Release|Any CPU.ActiveCfg = Release|Any CPU
		{FAAE8568-BC6F-4ED4-A730-FA0876A9493C}.Release|Any CPU.Build.0 = Release|Any CPU
		{B89D17D9-6F93-4A83-889C-196F0B776F1E}.Debug|Any CPU.ActiveCfg = Debug|Any CPU
		{B89D17D9-6F93-4A83-889C-196F0B776F1E}.Debug|Any CPU.Build.0 = Debug|Any CPU
		{B89D17D9-6F93-4A83-889C-196F0B776F1E}.Release|Any CPU.ActiveCfg = Release|Any CPU
		{B89D17D9-6F93-4A83-889C-196F0B776F1E}.Release|Any CPU.Build.0 = Release|Any CPU
		{383D72E5-87ED-47C3-B5C7-5E9CAE55EB41}.Debug|Any CPU.ActiveCfg = Debug|Any CPU
		{383D72E5-87ED-47C3-B5C7-5E9CAE55EB41}.Debug|Any CPU.Build.0 = Debug|Any CPU
		{383D72E5-87ED-47C3-B5C7-5E9CAE55EB41}.Release|Any CPU.ActiveCfg = Release|Any CPU
		{383D72E5-87ED-47C3-B5C7-5E9CAE55EB41}.Release|Any CPU.Build.0 = Release|Any CPU
		{A4696D5C-77C2-4BDB-8BFB-B84CB8066C35}.Debug|Any CPU.ActiveCfg = Debug|Any CPU
		{A4696D5C-77C2-4BDB-8BFB-B84CB8066C35}.Debug|Any CPU.Build.0 = Debug|Any CPU
		{A4696D5C-77C2-4BDB-8BFB-B84CB8066C35}.Release|Any CPU.ActiveCfg = Release|Any CPU
		{A4696D5C-77C2-4BDB-8BFB-B84CB8066C35}.Release|Any CPU.Build.0 = Release|Any CPU
		{67FAE666-E49F-425A-BC4E-4E6F08E908BF}.Debug|Any CPU.ActiveCfg = Debug|Any CPU
		{67FAE666-E49F-425A-BC4E-4E6F08E908BF}.Debug|Any CPU.Build.0 = Debug|Any CPU
		{67FAE666-E49F-425A-BC4E-4E6F08E908BF}.Release|Any CPU.ActiveCfg = Release|Any CPU
		{67FAE666-E49F-425A-BC4E-4E6F08E908BF}.Release|Any CPU.Build.0 = Release|Any CPU
		{B52115E7-B477-40AA-9A85-233DA28CE60F}.Debug|Any CPU.ActiveCfg = Debug|Any CPU
		{B52115E7-B477-40AA-9A85-233DA28CE60F}.Debug|Any CPU.Build.0 = Debug|Any CPU
		{B52115E7-B477-40AA-9A85-233DA28CE60F}.Release|Any CPU.ActiveCfg = Release|Any CPU
		{B52115E7-B477-40AA-9A85-233DA28CE60F}.Release|Any CPU.Build.0 = Release|Any CPU
		{D1389D51-17CE-4D21-A398-00AA7B24D1E7}.Debug|Any CPU.ActiveCfg = Debug|Any CPU
		{D1389D51-17CE-4D21-A398-00AA7B24D1E7}.Debug|Any CPU.Build.0 = Debug|Any CPU
		{D1389D51-17CE-4D21-A398-00AA7B24D1E7}.Release|Any CPU.ActiveCfg = Release|Any CPU
		{D1389D51-17CE-4D21-A398-00AA7B24D1E7}.Release|Any CPU.Build.0 = Release|Any CPU
		{E1239586-E6E6-44B3-A42E-FA39FE4CC25E}.Debug|Any CPU.ActiveCfg = Debug|Any CPU
		{E1239586-E6E6-44B3-A42E-FA39FE4CC25E}.Debug|Any CPU.Build.0 = Debug|Any CPU
		{E1239586-E6E6-44B3-A42E-FA39FE4CC25E}.Release|Any CPU.ActiveCfg = Release|Any CPU
		{E1239586-E6E6-44B3-A42E-FA39FE4CC25E}.Release|Any CPU.Build.0 = Release|Any CPU
		{29120CB3-C99C-479A-807C-58562088539D}.Debug|Any CPU.ActiveCfg = Debug|Any CPU
		{29120CB3-C99C-479A-807C-58562088539D}.Debug|Any CPU.Build.0 = Debug|Any CPU
		{29120CB3-C99C-479A-807C-58562088539D}.Release|Any CPU.ActiveCfg = Release|Any CPU
		{29120CB3-C99C-479A-807C-58562088539D}.Release|Any CPU.Build.0 = Release|Any CPU
	EndGlobalSection
	GlobalSection(SolutionProperties) = preSolution
		HideSolutionNode = FALSE
	EndGlobalSection
	GlobalSection(NestedProjects) = preSolution
		{842A3B6C-A32D-4F55-BD01-F94627D0336A} = {D5B8ED03-FA9B-4937-A76F-8BC03D256F9B}
		{DCD21A52-A641-490C-AB75-996DCE430393} = {D5B8ED03-FA9B-4937-A76F-8BC03D256F9B}
		{6F0B8B0D-D414-4425-A89C-E8DA1FFE5B98} = {D5B8ED03-FA9B-4937-A76F-8BC03D256F9B}
		{7458CCB7-FBC7-4434-AFE5-4F425562DBC8} = {D5B8ED03-FA9B-4937-A76F-8BC03D256F9B}
		{C6AA6C88-F283-412F-B9F3-2FCF0E05441C} = {842A3B6C-A32D-4F55-BD01-F94627D0336A}
		{4B3A2814-0C25-43B6-9B7E-8876DA6FFF2C} = {C6AA6C88-F283-412F-B9F3-2FCF0E05441C}
		{E4F658DB-1EC2-4F1E-822F-56DD12691EC4} = {7458CCB7-FBC7-4434-AFE5-4F425562DBC8}
		{5DD8485E-5AB1-428D-9A77-A24C06567C99} = {E4F658DB-1EC2-4F1E-822F-56DD12691EC4}
		{BFFD6DC7-8DA5-4E0B-93C8-C973FB28DFEC} = {E4F658DB-1EC2-4F1E-822F-56DD12691EC4}
		{9416D213-A55B-475A-BA10-5F60E2E3D9E6} = {E4F658DB-1EC2-4F1E-822F-56DD12691EC4}
		{4A2F4ECB-C0A6-430A-9B44-6AC65D762531} = {E4F658DB-1EC2-4F1E-822F-56DD12691EC4}
		{FA7DB7E2-5DA7-4648-9F6F-DC1D7099D413} = {7458CCB7-FBC7-4434-AFE5-4F425562DBC8}
		{4D61287A-4D54-4C85-A4C3-38CFB57E6847} = {FA7DB7E2-5DA7-4648-9F6F-DC1D7099D413}
		{042BB4A4-C7ED-4E8C-96F3-C09E905E270B} = {6F0B8B0D-D414-4425-A89C-E8DA1FFE5B98}
		{FAAE8568-BC6F-4ED4-A730-FA0876A9493C} = {042BB4A4-C7ED-4E8C-96F3-C09E905E270B}
		{F4692CD5-E52B-410E-A04F-D5EFB4F3CE0E} = {6F0B8B0D-D414-4425-A89C-E8DA1FFE5B98}
		{B89D17D9-6F93-4A83-889C-196F0B776F1E} = {F4692CD5-E52B-410E-A04F-D5EFB4F3CE0E}
		{790438F3-8133-4ADB-960E-A957FD80C907} = {6F0B8B0D-D414-4425-A89C-E8DA1FFE5B98}
		{383D72E5-87ED-47C3-B5C7-5E9CAE55EB41} = {790438F3-8133-4ADB-960E-A957FD80C907}
		{F9D0175E-573C-42F0-94B6-857321BF51CF} = {6F0B8B0D-D414-4425-A89C-E8DA1FFE5B98}
		{A4696D5C-77C2-4BDB-8BFB-B84CB8066C35} = {F9D0175E-573C-42F0-94B6-857321BF51CF}
		{1AF9CDDE-A9DE-4B20-8761-50F98DF9875E} = {6F0B8B0D-D414-4425-A89C-E8DA1FFE5B98}
		{67FAE666-E49F-425A-BC4E-4E6F08E908BF} = {1AF9CDDE-A9DE-4B20-8761-50F98DF9875E}
		{B52115E7-B477-40AA-9A85-233DA28CE60F} = {1AF9CDDE-A9DE-4B20-8761-50F98DF9875E}
		{D1389D51-17CE-4D21-A398-00AA7B24D1E7} = {1AF9CDDE-A9DE-4B20-8761-50F98DF9875E}
		{E1239586-E6E6-44B3-A42E-FA39FE4CC25E} = {1AF9CDDE-A9DE-4B20-8761-50F98DF9875E}
		{94DAA179-7A24-4891-901E-596C7C60A791} = {6F0B8B0D-D414-4425-A89C-E8DA1FFE5B98}
		{29120CB3-C99C-479A-807C-58562088539D} = {94DAA179-7A24-4891-901E-596C7C60A791}
	EndGlobalSection
	GlobalSection(ExtensibilityGlobals) = postSolution
		SolutionGuid = {874D82CE-E361-4DFE-88D4-2E6E8AA9983A}
	EndGlobalSection
EndGlobal
